Microsoft Visual Studio Solution File, Format Version 12.00
# Visual Studio Version 17
VisualStudioVersion = 17.5.2.0
MinimumVisualStudioVersion = 10.0.40219.1
Project("{FAE04EC0-301F-11D3-BF4B-00C04F79EFBC}") = "minimal-api", "Api\minimal-api.csproj", "{61563BAC-EE26-B86C-37B4-04D2756553A4}"
EndProject
Project("{FAE04EC0-301F-11D3-BF4B-00C04F79EFBC}") = "Test", "Test\Test.csproj", "{5BBDBC51-7172-42ED-8BC8-193FE5C03DCC}"
EndProject
Global
	GlobalSection(SolutionConfigurationPlatforms) = preSolution
		Debug|Any CPU = Debug|Any CPU
		Release|Any CPU = Release|Any CPU
	EndGlobalSection
	GlobalSection(ProjectConfigurationPlatforms) = postSolution
		{61563BAC-EE26-B86C-37B4-04D2756553A4}.Debug|Any CPU.ActiveCfg = Debug|Any CPU
		{61563BAC-EE26-B86C-37B4-04D2756553A4}.Debug|Any CPU.Build.0 = Debug|Any CPU
		{61563BAC-EE26-B86C-37B4-04D2756553A4}.Release|Any CPU.ActiveCfg = Release|Any CPU
		{61563BAC-EE26-B86C-37B4-04D2756553A4}.Release|Any CPU.Build.0 = Release|Any CPU
		{5BBDBC51-7172-42ED-8BC8-193FE5C03DCC}.Debug|Any CPU.ActiveCfg = Debug|Any CPU
		{5BBDBC51-7172-42ED-8BC8-193FE5C03DCC}.Debug|Any CPU.Build.0 = Debug|Any CPU
		{5BBDBC51-7172-42ED-8BC8-193FE5C03DCC}.Release|Any CPU.ActiveCfg = Release|Any CPU
		{5BBDBC51-7172-42ED-8BC8-193FE5C03DCC}.Release|Any CPU.Build.0 = Release|Any CPU
	EndGlobalSection
	GlobalSection(SolutionProperties) = preSolution
		HideSolutionNode = FALSE
	EndGlobalSection
	GlobalSection(ExtensibilityGlobals) = postSolution
		SolutionGuid = {08BCFFE2-7D81-4826-B72A-A5A22F578D41}
	EndGlobalSection
EndGlobal
